
Microsoft Visual Studio Solution File, Format Version 12.00
# Visual Studio Version 16
VisualStudioVersion = 16.0.29025.244
MinimumVisualStudioVersion = 10.0.40219.1
Project("{FAE04EC0-301F-11D3-BF4B-00C04F79EFBC}") = "Asp.netwebapp_pipeline", "Asp.netwebapp_pipeline\Asp.netwebapp_pipeline.csproj", "{DE7541C4-15F5-4D2C-B333-C707B5C83B4E}"
EndProject
Global
	GlobalSection(SolutionConfigurationPlatforms) = preSolution
		Debug|Any CPU = Debug|Any CPU
		Release|Any CPU = Release|Any CPU
	EndGlobalSection
	GlobalSection(ProjectConfigurationPlatforms) = postSolution
		{DE7541C4-15F5-4D2C-B333-C707B5C83B4E}.Debug|Any CPU.ActiveCfg = Debug|Any CPU
		{DE7541C4-15F5-4D2C-B333-C707B5C83B4E}.Debug|Any CPU.Build.0 = Debug|Any CPU
		{DE7541C4-15F5-4D2C-B333-C707B5C83B4E}.Release|Any CPU.ActiveCfg = Release|Any CPU
		{DE7541C4-15F5-4D2C-B333-C707B5C83B4E}.Release|Any CPU.Build.0 = Release|Any CPU
	EndGlobalSection
	GlobalSection(SolutionProperties) = preSolution
		HideSolutionNode = FALSE
	EndGlobalSection
	GlobalSection(ExtensibilityGlobals) = postSolution
		SolutionGuid = {1874ED44-3B15-4E72-A5CF-6E74C69B100D}
	EndGlobalSection
EndGlobal
